// !$*UTF8*$!
{
	archiveVersion = 1;
	classes = {
	};
	objectVersion = 46;
	objects = {

/* Begin PBXBuildFile section */
		1D84EB1B541CD5ADD8FDA2E2 /* YMAJSONParser.m in Sources */ = {isa = PBXBuildFile; fileRef = 1D84ED4ABF869363D9502E12 /* YMAJSONParser.m */; };
		1D84EDDF70FA359DFCFCD413 /* YMAShopService.m in Sources */ = {isa = PBXBuildFile; fileRef = 1D84E9F2B56F56D270729E13 /* YMAShopService.m */; };
		1D84EFDD581570CC03099BC9 /* YMABackEnd.m in Sources */ = {isa = PBXBuildFile; fileRef = 1D84E819F60A718C918BE6DD /* YMABackEnd.m */; };
		982E96E71F1DF14200FB0F1C /* YMAGoodsViewController.m in Sources */ = {isa = PBXBuildFile; fileRef = 982E96E61F1DF14200FB0F1C /* YMAGoodsViewController.m */; };
		982E96F11F1DF80A00FB0F1C /* YMADataBase.m in Sources */ = {isa = PBXBuildFile; fileRef = 982E96F01F1DF80A00FB0F1C /* YMADataBase.m */; };
		982E96F81F1DFB5D00FB0F1C /* YMAGoodsCell.m in Sources */ = {isa = PBXBuildFile; fileRef = 982E96F61F1DFB5D00FB0F1C /* YMAGoodsCell.m */; };
		982E96F91F1DFB5D00FB0F1C /* YMAGoodsCell.xib in Resources */ = {isa = PBXBuildFile; fileRef = 982E96F71F1DFB5D00FB0F1C /* YMAGoodsCell.xib */; };
		982E96FD1F1DFB9300FB0F1C /* YMAGoodsNotAvailableCell.m in Sources */ = {isa = PBXBuildFile; fileRef = 982E96FB1F1DFB9300FB0F1C /* YMAGoodsNotAvailableCell.m */; };
		982E96FE1F1DFB9300FB0F1C /* YMAGoodsNotAvailableCell.xib in Resources */ = {isa = PBXBuildFile; fileRef = 982E96FC1F1DFB9300FB0F1C /* YMAGoodsNotAvailableCell.xib */; };
		985A3B141F7CE96100C6A4B4 /* YMAOrderBook+CoreDataClass.m in Sources */ = {isa = PBXBuildFile; fileRef = 985A3B051F7CE96100C6A4B4 /* YMAOrderBook+CoreDataClass.m */; };
		985A3B151F7CE96100C6A4B4 /* YMAOrderBook+CoreDataProperties.m in Sources */ = {isa = PBXBuildFile; fileRef = 985A3B071F7CE96100C6A4B4 /* YMAOrderBook+CoreDataProperties.m */; };
		985A3B161F7CE96100C6A4B4 /* YMAUser+CoreDataClass.m in Sources */ = {isa = PBXBuildFile; fileRef = 985A3B091F7CE96100C6A4B4 /* YMAUser+CoreDataClass.m */; };
		985A3B171F7CE96100C6A4B4 /* YMAUser+CoreDataProperties.m in Sources */ = {isa = PBXBuildFile; fileRef = 985A3B0B1F7CE96100C6A4B4 /* YMAUser+CoreDataProperties.m */; };
		985A3B181F7CE96100C6A4B4 /* YMAOrder+CoreDataClass.m in Sources */ = {isa = PBXBuildFile; fileRef = 985A3B0D1F7CE96100C6A4B4 /* YMAOrder+CoreDataClass.m */; };
		985A3B191F7CE96100C6A4B4 /* YMAOrder+CoreDataProperties.m in Sources */ = {isa = PBXBuildFile; fileRef = 985A3B0F1F7CE96100C6A4B4 /* YMAOrder+CoreDataProperties.m */; };
		985A3B1A1F7CE96100C6A4B4 /* YMAGoods+CoreDataClass.m in Sources */ = {isa = PBXBuildFile; fileRef = 985A3B111F7CE96100C6A4B4 /* YMAGoods+CoreDataClass.m */; };
		985A3B1B1F7CE96100C6A4B4 /* YMAGoods+CoreDataProperties.m in Sources */ = {isa = PBXBuildFile; fileRef = 985A3B131F7CE96100C6A4B4 /* YMAGoods+CoreDataProperties.m */; };
		9861C9801F7E495100F1E2F4 /* YMALeftMenuViewController.m in Sources */ = {isa = PBXBuildFile; fileRef = 9861C97F1F7E495100F1E2F4 /* YMALeftMenuViewController.m */; };
		9861C9851F7E629900F1E2F4 /* 78770204_catsmeshnoy11.jpg in Resources */ = {isa = PBXBuildFile; fileRef = 9861C9841F7E629900F1E2F4 /* 78770204_catsmeshnoy11.jpg */; };
		9861C9881F7E6DAE00F1E2F4 /* YMACircularGradientView.m in Sources */ = {isa = PBXBuildFile; fileRef = 9861C9871F7E6DAE00F1E2F4 /* YMACircularGradientView.m */; };
		987607171F1DEDFF00FEAD5C /* main.m in Sources */ = {isa = PBXBuildFile; fileRef = 987607161F1DEDFF00FEAD5C /* main.m */; };
		9876071A1F1DEDFF00FEAD5C /* AppDelegate.m in Sources */ = {isa = PBXBuildFile; fileRef = 987607191F1DEDFF00FEAD5C /* AppDelegate.m */; };
		987607201F1DEDFF00FEAD5C /* Main.storyboard in Resources */ = {isa = PBXBuildFile; fileRef = 9876071E1F1DEDFF00FEAD5C /* Main.storyboard */; };
		987607231F1DEE0100FEAD5C /* ShoppingCart.xcdatamodeld in Sources */ = {isa = PBXBuildFile; fileRef = 987607211F1DEE0000FEAD5C /* ShoppingCart.xcdatamodeld */; };
		987607251F1DEE0100FEAD5C /* Assets.xcassets in Resources */ = {isa = PBXBuildFile; fileRef = 987607241F1DEE0100FEAD5C /* Assets.xcassets */; };
		987607281F1DEE0100FEAD5C /* LaunchScreen.storyboard in Resources */ = {isa = PBXBuildFile; fileRef = 987607261F1DEE0100FEAD5C /* LaunchScreen.storyboard */; };
		98B71EF81F30A400005D81FE /* YMACartOrderViewController.m in Sources */ = {isa = PBXBuildFile; fileRef = 98B71EF71F30A400005D81FE /* YMACartOrderViewController.m */; };
		98B71EFB1F30B121005D81FE /* YMAPrettyButtonHelper.m in Sources */ = {isa = PBXBuildFile; fileRef = 98B71EFA1F30B121005D81FE /* YMAPrettyButtonHelper.m */; };
		98B71EFE1F30BDCF005D81FE /* YMADateHelper.m in Sources */ = {isa = PBXBuildFile; fileRef = 98B71EFD1F30BDCF005D81FE /* YMADateHelper.m */; };
		98CFD83C1F322CC20053461D /* YMAOrdersViewController.m in Sources */ = {isa = PBXBuildFile; fileRef = 98CFD83B1F322CC20053461D /* YMAOrdersViewController.m */; };
		98CFD8401F322D640053461D /* YMAOrderTableViewCell.m in Sources */ = {isa = PBXBuildFile; fileRef = 98CFD83E1F322D640053461D /* YMAOrderTableViewCell.m */; };
		98CFD8411F322D640053461D /* YMAOrderTableViewCell.xib in Resources */ = {isa = PBXBuildFile; fileRef = 98CFD83F1F322D640053461D /* YMAOrderTableViewCell.xib */; };
		9FE9C6916AB9A609AC8DA069 /* Pods_ShoppingCart.framework in Frameworks */ = {isa = PBXBuildFile; fileRef = E357AEC728CAB7BCFDAD87E4 /* Pods_ShoppingCart.framework */; };
/* End PBXBuildFile section */

/* Begin PBXFileReference section */
		1D84E45EDA19C349D8F08B65 /* YMABackEnd.h */ = {isa = PBXFileReference; fileEncoding = 4; lastKnownFileType = sourcecode.c.h; path = YMABackEnd.h; sourceTree = "<group>"; };
		1D84E550AA77F33839C7D0AA /* YMAJSONParser.h */ = {isa = PBXFileReference; fileEncoding = 4; lastKnownFileType = sourcecode.c.h; path = YMAJSONParser.h; sourceTree = "<group>"; };
		1D84E781014102F9FCDAF9EB /* YMAShopService.h */ = {isa = PBXFileReference; fileEncoding = 4; lastKnownFileType = sourcecode.c.h; path = YMAShopService.h; sourceTree = "<group>"; };
		1D84E819F60A718C918BE6DD /* YMABackEnd.m */ = {isa = PBXFileReference; fileEncoding = 4; lastKnownFileType = sourcecode.c.objc; path = YMABackEnd.m; sourceTree = "<group>"; };
		1D84E9F2B56F56D270729E13 /* YMAShopService.m */ = {isa = PBXFileReference; fileEncoding = 4; lastKnownFileType = sourcecode.c.objc; path = YMAShopService.m; sourceTree = "<group>"; };
		1D84ED4ABF869363D9502E12 /* YMAJSONParser.m */ = {isa = PBXFileReference; fileEncoding = 4; lastKnownFileType = sourcecode.c.objc; path = YMAJSONParser.m; sourceTree = "<group>"; };
		982E96E51F1DF14200FB0F1C /* YMAGoodsViewController.h */ = {isa = PBXFileReference; fileEncoding = 4; lastKnownFileType = sourcecode.c.h; path = YMAGoodsViewController.h; sourceTree = "<group>"; };
		982E96E61F1DF14200FB0F1C /* YMAGoodsViewController.m */ = {isa = PBXFileReference; fileEncoding = 4; lastKnownFileType = sourcecode.c.objc; path = YMAGoodsViewController.m; sourceTree = "<group>"; };
		982E96EF1F1DF80A00FB0F1C /* YMADataBase.h */ = {isa = PBXFileReference; fileEncoding = 4; lastKnownFileType = sourcecode.c.h; path = YMADataBase.h; sourceTree = "<group>"; };
		982E96F01F1DF80A00FB0F1C /* YMADataBase.m */ = {isa = PBXFileReference; fileEncoding = 4; lastKnownFileType = sourcecode.c.objc; path = YMADataBase.m; sourceTree = "<group>"; };
		982E96F51F1DFB5D00FB0F1C /* YMAGoodsCell.h */ = {isa = PBXFileReference; fileEncoding = 4; lastKnownFileType = sourcecode.c.h; path = YMAGoodsCell.h; sourceTree = "<group>"; };
		982E96F61F1DFB5D00FB0F1C /* YMAGoodsCell.m */ = {isa = PBXFileReference; fileEncoding = 4; lastKnownFileType = sourcecode.c.objc; path = YMAGoodsCell.m; sourceTree = "<group>"; };
		982E96F71F1DFB5D00FB0F1C /* YMAGoodsCell.xib */ = {isa = PBXFileReference; fileEncoding = 4; lastKnownFileType = file.xib; path = YMAGoodsCell.xib; sourceTree = "<group>"; };
		982E96FA1F1DFB9300FB0F1C /* YMAGoodsNotAvailableCell.h */ = {isa = PBXFileReference; fileEncoding = 4; lastKnownFileType = sourcecode.c.h; path = YMAGoodsNotAvailableCell.h; sourceTree = "<group>"; };
		982E96FB1F1DFB9300FB0F1C /* YMAGoodsNotAvailableCell.m */ = {isa = PBXFileReference; fileEncoding = 4; lastKnownFileType = sourcecode.c.objc; path = YMAGoodsNotAvailableCell.m; sourceTree = "<group>"; };
		982E96FC1F1DFB9300FB0F1C /* YMAGoodsNotAvailableCell.xib */ = {isa = PBXFileReference; fileEncoding = 4; lastKnownFileType = file.xib; path = YMAGoodsNotAvailableCell.xib; sourceTree = "<group>"; };
		985A3B041F7CE96100C6A4B4 /* YMAOrderBook+CoreDataClass.h */ = {isa = PBXFileReference; fileEncoding = 4; lastKnownFileType = sourcecode.c.h; path = "YMAOrderBook+CoreDataClass.h"; sourceTree = "<group>"; };
		985A3B051F7CE96100C6A4B4 /* YMAOrderBook+CoreDataClass.m */ = {isa = PBXFileReference; fileEncoding = 4; lastKnownFileType = sourcecode.c.objc; path = "YMAOrderBook+CoreDataClass.m"; sourceTree = "<group>"; };
		985A3B061F7CE96100C6A4B4 /* YMAOrderBook+CoreDataProperties.h */ = {isa = PBXFileReference; fileEncoding = 4; lastKnownFileType = sourcecode.c.h; path = "YMAOrderBook+CoreDataProperties.h"; sourceTree = "<group>"; };
		985A3B071F7CE96100C6A4B4 /* YMAOrderBook+CoreDataProperties.m */ = {isa = PBXFileReference; fileEncoding = 4; lastKnownFileType = sourcecode.c.objc; path = "YMAOrderBook+CoreDataProperties.m"; sourceTree = "<group>"; };
		985A3B081F7CE96100C6A4B4 /* YMAUser+CoreDataClass.h */ = {isa = PBXFileReference; fileEncoding = 4; lastKnownFileType = sourcecode.c.h; path = "YMAUser+CoreDataClass.h"; sourceTree = "<group>"; };
		985A3B091F7CE96100C6A4B4 /* YMAUser+CoreDataClass.m */ = {isa = PBXFileReference; fileEncoding = 4; lastKnownFileType = sourcecode.c.objc; path = "YMAUser+CoreDataClass.m"; sourceTree = "<group>"; };
		985A3B0A1F7CE96100C6A4B4 /* YMAUser+CoreDataProperties.h */ = {isa = PBXFileReference; fileEncoding = 4; lastKnownFileType = sourcecode.c.h; path = "YMAUser+CoreDataProperties.h"; sourceTree = "<group>"; };
		985A3B0B1F7CE96100C6A4B4 /* YMAUser+CoreDataProperties.m */ = {isa = PBXFileReference; fileEncoding = 4; lastKnownFileType = sourcecode.c.objc; path = "YMAUser+CoreDataProperties.m"; sourceTree = "<group>"; };
		985A3B0C1F7CE96100C6A4B4 /* YMAOrder+CoreDataClass.h */ = {isa = PBXFileReference; fileEncoding = 4; lastKnownFileType = sourcecode.c.h; path = "YMAOrder+CoreDataClass.h"; sourceTree = "<group>"; };
		985A3B0D1F7CE96100C6A4B4 /* YMAOrder+CoreDataClass.m */ = {isa = PBXFileReference; fileEncoding = 4; lastKnownFileType = sourcecode.c.objc; path = "YMAOrder+CoreDataClass.m"; sourceTree = "<group>"; };
		985A3B0E1F7CE96100C6A4B4 /* YMAOrder+CoreDataProperties.h */ = {isa = PBXFileReference; fileEncoding = 4; lastKnownFileType = sourcecode.c.h; path = "YMAOrder+CoreDataProperties.h"; sourceTree = "<group>"; };
		985A3B0F1F7CE96100C6A4B4 /* YMAOrder+CoreDataProperties.m */ = {isa = PBXFileReference; fileEncoding = 4; lastKnownFileType = sourcecode.c.objc; path = "YMAOrder+CoreDataProperties.m"; sourceTree = "<group>"; };
		985A3B101F7CE96100C6A4B4 /* YMAGoods+CoreDataClass.h */ = {isa = PBXFileReference; fileEncoding = 4; lastKnownFileType = sourcecode.c.h; path = "YMAGoods+CoreDataClass.h"; sourceTree = "<group>"; };
		985A3B111F7CE96100C6A4B4 /* YMAGoods+CoreDataClass.m */ = {isa = PBXFileReference; fileEncoding = 4; lastKnownFileType = sourcecode.c.objc; path = "YMAGoods+CoreDataClass.m"; sourceTree = "<group>"; };
		985A3B121F7CE96100C6A4B4 /* YMAGoods+CoreDataProperties.h */ = {isa = PBXFileReference; fileEncoding = 4; lastKnownFileType = sourcecode.c.h; path = "YMAGoods+CoreDataProperties.h"; sourceTree = "<group>"; };
		985A3B131F7CE96100C6A4B4 /* YMAGoods+CoreDataProperties.m */ = {isa = PBXFileReference; fileEncoding = 4; lastKnownFileType = sourcecode.c.objc; path = "YMAGoods+CoreDataProperties.m"; sourceTree = "<group>"; };
		9861C97E1F7E495100F1E2F4 /* YMALeftMenuViewController.h */ = {isa = PBXFileReference; fileEncoding = 4; lastKnownFileType = sourcecode.c.h; path = YMALeftMenuViewController.h; sourceTree = "<group>"; };
		9861C97F1F7E495100F1E2F4 /* YMALeftMenuViewController.m */ = {isa = PBXFileReference; fileEncoding = 4; lastKnownFileType = sourcecode.c.objc; path = YMALeftMenuViewController.m; sourceTree = "<group>"; };
		9861C9841F7E629900F1E2F4 /* 78770204_catsmeshnoy11.jpg */ = {isa = PBXFileReference; lastKnownFileType = image.jpeg; path = 78770204_catsmeshnoy11.jpg; sourceTree = "<group>"; };
		9861C9861F7E6DAE00F1E2F4 /* YMACircularGradientView.h */ = {isa = PBXFileReference; fileEncoding = 4; lastKnownFileType = sourcecode.c.h; path = YMACircularGradientView.h; sourceTree = "<group>"; };
		9861C9871F7E6DAE00F1E2F4 /* YMACircularGradientView.m */ = {isa = PBXFileReference; fileEncoding = 4; lastKnownFileType = sourcecode.c.objc; path = YMACircularGradientView.m; sourceTree = "<group>"; };
		987607121F1DEDFF00FEAD5C /* ShoppingCart.app */ = {isa = PBXFileReference; explicitFileType = wrapper.application; includeInIndex = 0; path = ShoppingCart.app; sourceTree = BUILT_PRODUCTS_DIR; };
		987607161F1DEDFF00FEAD5C /* main.m */ = {isa = PBXFileReference; lastKnownFileType = sourcecode.c.objc; path = main.m; sourceTree = "<group>"; };
		987607181F1DEDFF00FEAD5C /* AppDelegate.h */ = {isa = PBXFileReference; lastKnownFileType = sourcecode.c.h; path = AppDelegate.h; sourceTree = "<group>"; };
		987607191F1DEDFF00FEAD5C /* AppDelegate.m */ = {isa = PBXFileReference; lastKnownFileType = sourcecode.c.objc; path = AppDelegate.m; sourceTree = "<group>"; };
		9876071F1F1DEDFF00FEAD5C /* Base */ = {isa = PBXFileReference; lastKnownFileType = file.storyboard; name = Base; path = Base.lproj/Main.storyboard; sourceTree = "<group>"; };
		987607221F1DEE0000FEAD5C /* ShoppingCart.xcdatamodel */ = {isa = PBXFileReference; lastKnownFileType = wrapper.xcdatamodel; path = ShoppingCart.xcdatamodel; sourceTree = "<group>"; };
		987607241F1DEE0100FEAD5C /* Assets.xcassets */ = {isa = PBXFileReference; lastKnownFileType = folder.assetcatalog; path = Assets.xcassets; sourceTree = "<group>"; };
		987607271F1DEE0100FEAD5C /* Base */ = {isa = PBXFileReference; lastKnownFileType = file.storyboard; name = Base; path = Base.lproj/LaunchScreen.storyboard; sourceTree = "<group>"; };
		987607291F1DEE0100FEAD5C /* Info.plist */ = {isa = PBXFileReference; lastKnownFileType = text.plist.xml; path = Info.plist; sourceTree = "<group>"; };
		98B71EF61F30A400005D81FE /* YMACartOrderViewController.h */ = {isa = PBXFileReference; fileEncoding = 4; lastKnownFileType = sourcecode.c.h; path = YMACartOrderViewController.h; sourceTree = "<group>"; };
		98B71EF71F30A400005D81FE /* YMACartOrderViewController.m */ = {isa = PBXFileReference; fileEncoding = 4; lastKnownFileType = sourcecode.c.objc; path = YMACartOrderViewController.m; sourceTree = "<group>"; };
		98B71EF91F30B121005D81FE /* YMAPrettyButtonHelper.h */ = {isa = PBXFileReference; fileEncoding = 4; lastKnownFileType = sourcecode.c.h; path = YMAPrettyButtonHelper.h; sourceTree = "<group>"; };
		98B71EFA1F30B121005D81FE /* YMAPrettyButtonHelper.m */ = {isa = PBXFileReference; fileEncoding = 4; lastKnownFileType = sourcecode.c.objc; path = YMAPrettyButtonHelper.m; sourceTree = "<group>"; };
		98B71EFC1F30BDCF005D81FE /* YMADateHelper.h */ = {isa = PBXFileReference; fileEncoding = 4; lastKnownFileType = sourcecode.c.h; path = YMADateHelper.h; sourceTree = "<group>"; };
		98B71EFD1F30BDCF005D81FE /* YMADateHelper.m */ = {isa = PBXFileReference; fileEncoding = 4; lastKnownFileType = sourcecode.c.objc; path = YMADateHelper.m; sourceTree = "<group>"; };
		98CFD83A1F322CC20053461D /* YMAOrdersViewController.h */ = {isa = PBXFileReference; fileEncoding = 4; lastKnownFileType = sourcecode.c.h; path = YMAOrdersViewController.h; sourceTree = "<group>"; };
		98CFD83B1F322CC20053461D /* YMAOrdersViewController.m */ = {isa = PBXFileReference; fileEncoding = 4; lastKnownFileType = sourcecode.c.objc; path = YMAOrdersViewController.m; sourceTree = "<group>"; };
		98CFD83D1F322D640053461D /* YMAOrderTableViewCell.h */ = {isa = PBXFileReference; fileEncoding = 4; lastKnownFileType = sourcecode.c.h; path = YMAOrderTableViewCell.h; sourceTree = "<group>"; };
		98CFD83E1F322D640053461D /* YMAOrderTableViewCell.m */ = {isa = PBXFileReference; fileEncoding = 4; lastKnownFileType = sourcecode.c.objc; path = YMAOrderTableViewCell.m; sourceTree = "<group>"; };
		98CFD83F1F322D640053461D /* YMAOrderTableViewCell.xib */ = {isa = PBXFileReference; fileEncoding = 4; lastKnownFileType = file.xib; path = YMAOrderTableViewCell.xib; sourceTree = "<group>"; };
		C5FB07C14E5CC7F59F62268C /* Pods-ShoppingCart.release.xcconfig */ = {isa = PBXFileReference; includeInIndex = 1; lastKnownFileType = text.xcconfig; name = "Pods-ShoppingCart.release.xcconfig"; path = "Pods/Target Support Files/Pods-ShoppingCart/Pods-ShoppingCart.release.xcconfig"; sourceTree = "<group>"; };
		DEF4BDECD3FFC58DB5E5A6B6 /* Pods-ShoppingCart.debug.xcconfig */ = {isa = PBXFileReference; includeInIndex = 1; lastKnownFileType = text.xcconfig; name = "Pods-ShoppingCart.debug.xcconfig"; path = "Pods/Target Support Files/Pods-ShoppingCart/Pods-ShoppingCart.debug.xcconfig"; sourceTree = "<group>"; };
		E357AEC728CAB7BCFDAD87E4 /* Pods_ShoppingCart.framework */ = {isa = PBXFileReference; explicitFileType = wrapper.framework; includeInIndex = 0; path = Pods_ShoppingCart.framework; sourceTree = BUILT_PRODUCTS_DIR; };
/* End PBXFileReference section */

/* Begin PBXFrameworksBuildPhase section */
		9876070F1F1DEDFF00FEAD5C /* Frameworks */ = {
			isa = PBXFrameworksBuildPhase;
			buildActionMask = 2147483647;
			files = (
				9FE9C6916AB9A609AC8DA069 /* Pods_ShoppingCart.framework in Frameworks */,
			);
			runOnlyForDeploymentPostprocessing = 0;
		};
/* End PBXFrameworksBuildPhase section */

/* Begin PBXGroup section */
		1D84E0F139D9FE1101D8705F /* Resources */ = {
			isa = PBXGroup;
			children = (
				9861C9841F7E629900F1E2F4 /* 78770204_catsmeshnoy11.jpg */,
			);
			path = Resources;
			sourceTree = "<group>";
		};
		1D84E4D9DB20693800F46D25 /* Controller */ = {
			isa = PBXGroup;
			children = (
				1D84E781014102F9FCDAF9EB /* YMAShopService.h */,
				1D84E9F2B56F56D270729E13 /* YMAShopService.m */,
				1D84E6C154797EAF7F59327A /* serverside */,
			);
			path = Controller;
			sourceTree = "<group>";
		};
		1D84E6C154797EAF7F59327A /* serverside */ = {
			isa = PBXGroup;
			children = (
				1D84E45EDA19C349D8F08B65 /* YMABackEnd.h */,
				1D84E819F60A718C918BE6DD /* YMABackEnd.m */,
				1D84E550AA77F33839C7D0AA /* YMAJSONParser.h */,
				1D84ED4ABF869363D9502E12 /* YMAJSONParser.m */,
			);
			name = serverside;
			path = ShoppingCart;
			sourceTree = SOURCE_ROOT;
		};
		5D59BF755BB4F995852F17F2 /* Pods */ = {
			isa = PBXGroup;
			children = (
				DEF4BDECD3FFC58DB5E5A6B6 /* Pods-ShoppingCart.debug.xcconfig */,
				C5FB07C14E5CC7F59F62268C /* Pods-ShoppingCart.release.xcconfig */,
			);
			name = Pods;
			sourceTree = "<group>";
		};
		982E96E11F1DF05500FB0F1C /* model */ = {
			isa = PBXGroup;
			children = (
				982E96EE1F1DF7E400FB0F1C /* core */,
			);
			name = model;
			sourceTree = "<group>";
		};
		982E96E21F1DF05E00FB0F1C /* helpes */ = {
			isa = PBXGroup;
			children = (
				98B71EF91F30B121005D81FE /* YMAPrettyButtonHelper.h */,
				98B71EFA1F30B121005D81FE /* YMAPrettyButtonHelper.m */,
				98B71EFC1F30BDCF005D81FE /* YMADateHelper.h */,
				98B71EFD1F30BDCF005D81FE /* YMADateHelper.m */,
			);
			name = helpes;
			sourceTree = "<group>";
		};
		982E96E31F1DF06C00FB0F1C /* cells */ = {
			isa = PBXGroup;
			children = (
				98CFD83D1F322D640053461D /* YMAOrderTableViewCell.h */,
				98CFD83E1F322D640053461D /* YMAOrderTableViewCell.m */,
				98CFD83F1F322D640053461D /* YMAOrderTableViewCell.xib */,
				982E96F51F1DFB5D00FB0F1C /* YMAGoodsCell.h */,
				982E96F61F1DFB5D00FB0F1C /* YMAGoodsCell.m */,
				982E96F71F1DFB5D00FB0F1C /* YMAGoodsCell.xib */,
				982E96FA1F1DFB9300FB0F1C /* YMAGoodsNotAvailableCell.h */,
				982E96FB1F1DFB9300FB0F1C /* YMAGoodsNotAvailableCell.m */,
				982E96FC1F1DFB9300FB0F1C /* YMAGoodsNotAvailableCell.xib */,
			);
			name = cells;
			sourceTree = "<group>";
		};
		982E96EE1F1DF7E400FB0F1C /* core */ = {
			isa = PBXGroup;
			children = (
				985F70501F2A32CA0087E8F8 /* managed object */,
				982E96EF1F1DF80A00FB0F1C /* YMADataBase.h */,
				982E96F01F1DF80A00FB0F1C /* YMADataBase.m */,
			);
			name = core;
			sourceTree = "<group>";
		};
		985A3B1C1F7D011600C6A4B4 /* View */ = {
			isa = PBXGroup;
			children = (
				9861C9811F7E4D0700F1E2F4 /* Main */,
				9861C97D1F7E492F00F1E2F4 /* LefMenu */,
				982E96E31F1DF06C00FB0F1C /* cells */,
				98B71EF61F30A400005D81FE /* YMACartOrderViewController.h */,
				98B71EF71F30A400005D81FE /* YMACartOrderViewController.m */,
				98CFD83A1F322CC20053461D /* YMAOrdersViewController.h */,
				98CFD83B1F322CC20053461D /* YMAOrdersViewController.m */,
			);
			name = View;
			sourceTree = "<group>";
		};
		985F70501F2A32CA0087E8F8 /* managed object */ = {
			isa = PBXGroup;
			children = (
				985A3B041F7CE96100C6A4B4 /* YMAOrderBook+CoreDataClass.h */,
				985A3B051F7CE96100C6A4B4 /* YMAOrderBook+CoreDataClass.m */,
				985A3B061F7CE96100C6A4B4 /* YMAOrderBook+CoreDataProperties.h */,
				985A3B071F7CE96100C6A4B4 /* YMAOrderBook+CoreDataProperties.m */,
				985A3B081F7CE96100C6A4B4 /* YMAUser+CoreDataClass.h */,
				985A3B091F7CE96100C6A4B4 /* YMAUser+CoreDataClass.m */,
				985A3B0A1F7CE96100C6A4B4 /* YMAUser+CoreDataProperties.h */,
				985A3B0B1F7CE96100C6A4B4 /* YMAUser+CoreDataProperties.m */,
				985A3B0C1F7CE96100C6A4B4 /* YMAOrder+CoreDataClass.h */,
				985A3B0D1F7CE96100C6A4B4 /* YMAOrder+CoreDataClass.m */,
				985A3B0E1F7CE96100C6A4B4 /* YMAOrder+CoreDataProperties.h */,
				985A3B0F1F7CE96100C6A4B4 /* YMAOrder+CoreDataProperties.m */,
				985A3B101F7CE96100C6A4B4 /* YMAGoods+CoreDataClass.h */,
				985A3B111F7CE96100C6A4B4 /* YMAGoods+CoreDataClass.m */,
				985A3B121F7CE96100C6A4B4 /* YMAGoods+CoreDataProperties.h */,
				985A3B131F7CE96100C6A4B4 /* YMAGoods+CoreDataProperties.m */,
			);
			name = "managed object";
			sourceTree = "<group>";
		};
		9861C97D1F7E492F00F1E2F4 /* LefMenu */ = {
			isa = PBXGroup;
			children = (
				9861C97E1F7E495100F1E2F4 /* YMALeftMenuViewController.h */,
				9861C97F1F7E495100F1E2F4 /* YMALeftMenuViewController.m */,
				9861C9861F7E6DAE00F1E2F4 /* YMACircularGradientView.h */,
				9861C9871F7E6DAE00F1E2F4 /* YMACircularGradientView.m */,
			);
			name = LefMenu;
			sourceTree = "<group>";
		};
		9861C9811F7E4D0700F1E2F4 /* Main */ = {
			isa = PBXGroup;
			children = (
				982E96E51F1DF14200FB0F1C /* YMAGoodsViewController.h */,
				982E96E61F1DF14200FB0F1C /* YMAGoodsViewController.m */,
			);
			name = Main;
			sourceTree = "<group>";
		};
		987607091F1DEDFF00FEAD5C = {
			isa = PBXGroup;
			children = (
				987607141F1DEDFF00FEAD5C /* ShoppingCart */,
				987607131F1DEDFF00FEAD5C /* Products */,
				5D59BF755BB4F995852F17F2 /* Pods */,
				9983BC6CAAFB5065BB5728A9 /* Frameworks */,
			);
			sourceTree = "<group>";
		};
		987607131F1DEDFF00FEAD5C /* Products */ = {
			isa = PBXGroup;
			children = (
				987607121F1DEDFF00FEAD5C /* ShoppingCart.app */,
			);
			name = Products;
			sourceTree = "<group>";
		};
		987607141F1DEDFF00FEAD5C /* ShoppingCart */ = {
			isa = PBXGroup;
			children = (
				985A3B1C1F7D011600C6A4B4 /* View */,
				982E96E21F1DF05E00FB0F1C /* helpes */,
				982E96E11F1DF05500FB0F1C /* model */,
				9876071E1F1DEDFF00FEAD5C /* Main.storyboard */,
				987607211F1DEE0000FEAD5C /* ShoppingCart.xcdatamodeld */,
				987607151F1DEDFF00FEAD5C /* Supporting Files */,
				1D84E4D9DB20693800F46D25 /* Controller */,
				1D84E0F139D9FE1101D8705F /* Resources */,
			);
			path = ShoppingCart;
			sourceTree = "<group>";
		};
		987607151F1DEDFF00FEAD5C /* Supporting Files */ = {
			isa = PBXGroup;
			children = (
				987607181F1DEDFF00FEAD5C /* AppDelegate.h */,
				987607191F1DEDFF00FEAD5C /* AppDelegate.m */,
				987607241F1DEE0100FEAD5C /* Assets.xcassets */,
				987607261F1DEE0100FEAD5C /* LaunchScreen.storyboard */,
				987607291F1DEE0100FEAD5C /* Info.plist */,
				987607161F1DEDFF00FEAD5C /* main.m */,
			);
			name = "Supporting Files";
			sourceTree = "<group>";
		};
		9983BC6CAAFB5065BB5728A9 /* Frameworks */ = {
			isa = PBXGroup;
			children = (
				E357AEC728CAB7BCFDAD87E4 /* Pods_ShoppingCart.framework */,
			);
			name = Frameworks;
			sourceTree = "<group>";
		};
/* End PBXGroup section */

/* Begin PBXNativeTarget section */
		987607111F1DEDFF00FEAD5C /* ShoppingCart */ = {
			isa = PBXNativeTarget;
			buildConfigurationList = 9876072C1F1DEE0100FEAD5C /* Build configuration list for PBXNativeTarget "ShoppingCart" */;
			buildPhases = (
				FB76D9EBC79A35C33C186B87 /* [CP] Check Pods Manifest.lock */,
				9876070E1F1DEDFF00FEAD5C /* Sources */,
				9876070F1F1DEDFF00FEAD5C /* Frameworks */,
				987607101F1DEDFF00FEAD5C /* Resources */,
				C1A9C5EF120D89175E730586 /* [CP] Embed Pods Frameworks */,
				44A6B216AD5C59A62776A98C /* [CP] Copy Pods Resources */,
			);
			buildRules = (
			);
			dependencies = (
			);
			name = ShoppingCart;
			productName = ShoppingCart;
			productReference = 987607121F1DEDFF00FEAD5C /* ShoppingCart.app */;
			productType = "com.apple.product-type.application";
		};
/* End PBXNativeTarget section */

/* Begin PBXProject section */
		9876070A1F1DEDFF00FEAD5C /* Project object */ = {
			isa = PBXProject;
			attributes = {
				CLASSPREFIX = YMA;
				LastUpgradeCheck = 0830;
				ORGANIZATIONNAME = "Mikhail Yaskou";
				TargetAttributes = {
					987607111F1DEDFF00FEAD5C = {
						CreatedOnToolsVersion = 8.3.3;
						DevelopmentTeam = USB64ZNNP6;
						ProvisioningStyle = Automatic;
					};
				};
			};
			buildConfigurationList = 9876070D1F1DEDFF00FEAD5C /* Build configuration list for PBXProject "ShoppingCart" */;
			compatibilityVersion = "Xcode 3.2";
			developmentRegion = English;
			hasScannedForEncodings = 0;
			knownRegions = (
				en,
				Base,
			);
			mainGroup = 987607091F1DEDFF00FEAD5C;
			productRefGroup = 987607131F1DEDFF00FEAD5C /* Products */;
			projectDirPath = "";
			projectRoot = "";
			targets = (
				987607111F1DEDFF00FEAD5C /* ShoppingCart */,
			);
		};
/* End PBXProject section */

/* Begin PBXResourcesBuildPhase section */
		987607101F1DEDFF00FEAD5C /* Resources */ = {
			isa = PBXResourcesBuildPhase;
			buildActionMask = 2147483647;
			files = (
				982E96F91F1DFB5D00FB0F1C /* YMAGoodsCell.xib in Resources */,
				987607281F1DEE0100FEAD5C /* LaunchScreen.storyboard in Resources */,
				987607251F1DEE0100FEAD5C /* Assets.xcassets in Resources */,
				982E96FE1F1DFB9300FB0F1C /* YMAGoodsNotAvailableCell.xib in Resources */,
				9861C9851F7E629900F1E2F4 /* 78770204_catsmeshnoy11.jpg in Resources */,
				98CFD8411F322D640053461D /* YMAOrderTableViewCell.xib in Resources */,
				987607201F1DEDFF00FEAD5C /* Main.storyboard in Resources */,
			);
			runOnlyForDeploymentPostprocessing = 0;
		};
/* End PBXResourcesBuildPhase section */

/* Begin PBXShellScriptBuildPhase section */
		44A6B216AD5C59A62776A98C /* [CP] Copy Pods Resources */ = {
			isa = PBXShellScriptBuildPhase;
			buildActionMask = 2147483647;
			files = (
			);
			inputPaths = (
			);
			name = "[CP] Copy Pods Resources";
			outputPaths = (
			);
			runOnlyForDeploymentPostprocessing = 0;
			shellPath = /bin/sh;
			shellScript = "\"${SRCROOT}/Pods/Target Support Files/Pods-ShoppingCart/Pods-ShoppingCart-resources.sh\"\n";
			showEnvVarsInLog = 0;
		};
		C1A9C5EF120D89175E730586 /* [CP] Embed Pods Frameworks */ = {
			isa = PBXShellScriptBuildPhase;
			buildActionMask = 2147483647;
			files = (
			);
			inputPaths = (
				"${SRCROOT}/Pods/Target Support Files/Pods-ShoppingCart/Pods-ShoppingCart-frameworks.sh",
				"${BUILT_PRODUCTS_DIR}/PGDrawerTransition/PGDrawerTransition.framework",
			);
			name = "[CP] Embed Pods Frameworks";
			outputPaths = (
				"${TARGET_BUILD_DIR}/${FRAMEWORKS_FOLDER_PATH}/PGDrawerTransition.framework",
			);
			runOnlyForDeploymentPostprocessing = 0;
			shellPath = /bin/sh;
			shellScript = "\"${SRCROOT}/Pods/Target Support Files/Pods-ShoppingCart/Pods-ShoppingCart-frameworks.sh\"\n";
			showEnvVarsInLog = 0;
		};
		FB76D9EBC79A35C33C186B87 /* [CP] Check Pods Manifest.lock */ = {
			isa = PBXShellScriptBuildPhase;
			buildActionMask = 2147483647;
			files = (
			);
			inputPaths = (
				"${PODS_PODFILE_DIR_PATH}/Podfile.lock",
				"${PODS_ROOT}/Manifest.lock",
			);
			name = "[CP] Check Pods Manifest.lock";
			outputPaths = (
				"$(DERIVED_FILE_DIR)/Pods-ShoppingCart-checkManifestLockResult.txt",
			);
			runOnlyForDeploymentPostprocessing = 0;
			shellPath = /bin/sh;
			shellScript = "diff \"${PODS_PODFILE_DIR_PATH}/Podfile.lock\" \"${PODS_ROOT}/Manifest.lock\" > /dev/null\nif [ $? != 0 ] ; then\n    # print error to STDERR\n    echo \"error: The sandbox is not in sync with the Podfile.lock. Run 'pod install' or update your CocoaPods installation.\" >&2\n    exit 1\nfi\n# This output is used by Xcode 'outputs' to avoid re-running this script phase.\necho \"SUCCESS\" > \"${SCRIPT_OUTPUT_FILE_0}\"\n";
			showEnvVarsInLog = 0;
		};
/* End PBXShellScriptBuildPhase section */

/* Begin PBXSourcesBuildPhase section */
		9876070E1F1DEDFF00FEAD5C /* Sources */ = {
			isa = PBXSourcesBuildPhase;
			buildActionMask = 2147483647;
			files = (
				982E96F11F1DF80A00FB0F1C /* YMADataBase.m in Sources */,
				98B71EFE1F30BDCF005D81FE /* YMADateHelper.m in Sources */,
				985A3B161F7CE96100C6A4B4 /* YMAUser+CoreDataClass.m in Sources */,
				98B71EF81F30A400005D81FE /* YMACartOrderViewController.m in Sources */,
				985A3B1B1F7CE96100C6A4B4 /* YMAGoods+CoreDataProperties.m in Sources */,
				98CFD8401F322D640053461D /* YMAOrderTableViewCell.m in Sources */,
				982E96F81F1DFB5D00FB0F1C /* YMAGoodsCell.m in Sources */,
				985A3B141F7CE96100C6A4B4 /* YMAOrderBook+CoreDataClass.m in Sources */,
				985A3B181F7CE96100C6A4B4 /* YMAOrder+CoreDataClass.m in Sources */,
				98B71EFB1F30B121005D81FE /* YMAPrettyButtonHelper.m in Sources */,
				982E96FD1F1DFB9300FB0F1C /* YMAGoodsNotAvailableCell.m in Sources */,
				9876071A1F1DEDFF00FEAD5C /* AppDelegate.m in Sources */,
				985A3B1A1F7CE96100C6A4B4 /* YMAGoods+CoreDataClass.m in Sources */,
				982E96E71F1DF14200FB0F1C /* YMAGoodsViewController.m in Sources */,
				985A3B171F7CE96100C6A4B4 /* YMAUser+CoreDataProperties.m in Sources */,
				985A3B191F7CE96100C6A4B4 /* YMAOrder+CoreDataProperties.m in Sources */,
				98CFD83C1F322CC20053461D /* YMAOrdersViewController.m in Sources */,
				987607171F1DEDFF00FEAD5C /* main.m in Sources */,
				987607231F1DEE0100FEAD5C /* ShoppingCart.xcdatamodeld in Sources */,
				985A3B151F7CE96100C6A4B4 /* YMAOrderBook+CoreDataProperties.m in Sources */,
				9861C9801F7E495100F1E2F4 /* YMALeftMenuViewController.m in Sources */,
				9861C9881F7E6DAE00F1E2F4 /* YMACircularGradientView.m in Sources */,
				1D84EDDF70FA359DFCFCD413 /* YMAShopService.m in Sources */,
				1D84EFDD581570CC03099BC9 /* YMABackEnd.m in Sources */,
				1D84EB1B541CD5ADD8FDA2E2 /* YMAJSONParser.m in Sources */,
			);
			runOnlyForDeploymentPostprocessing = 0;
		};
/* End PBXSourcesBuildPhase section */

/* Begin PBXVariantGroup section */
		9876071E1F1DEDFF00FEAD5C /* Main.storyboard */ = {
			isa = PBXVariantGroup;
			children = (
				9876071F1F1DEDFF00FEAD5C /* Base */,
			);
			name = Main.storyboard;
			sourceTree = "<group>";
		};
		987607261F1DEE0100FEAD5C /* LaunchScreen.storyboard */ = {
			isa = PBXVariantGroup;
			children = (
				987607271F1DEE0100FEAD5C /* Base */,
			);
			name = LaunchScreen.storyboard;
			sourceTree = "<group>";
		};
/* End PBXVariantGroup section */

/* Begin XCBuildConfiguration section */
		9876072A1F1DEE0100FEAD5C /* Debug */ = {
			isa = XCBuildConfiguration;
			buildSettings = {
				ALWAYS_SEARCH_USER_PATHS = NO;
				CLANG_ANALYZER_NONNULL = YES;
				CLANG_ANALYZER_NUMBER_OBJECT_CONVERSION = YES_AGGRESSIVE;
				CLANG_CXX_LANGUAGE_STANDARD = "gnu++0x";
				CLANG_CXX_LIBRARY = "libc++";
				CLANG_ENABLE_MODULES = YES;
				CLANG_ENABLE_OBJC_ARC = YES;
				CLANG_WARN_BOOL_CONVERSION = YES;
				CLANG_WARN_CONSTANT_CONVERSION = YES;
				CLANG_WARN_DIRECT_OBJC_ISA_USAGE = YES_ERROR;
				CLANG_WARN_DOCUMENTATION_COMMENTS = YES;
				CLANG_WARN_EMPTY_BODY = YES;
				CLANG_WARN_ENUM_CONVERSION = YES;
				CLANG_WARN_INFINITE_RECURSION = YES;
				CLANG_WARN_INT_CONVERSION = YES;
				CLANG_WARN_OBJC_ROOT_CLASS = YES_ERROR;
				CLANG_WARN_SUSPICIOUS_MOVE = YES;
				CLANG_WARN_UNREACHABLE_CODE = YES;
				CLANG_WARN__DUPLICATE_METHOD_MATCH = YES;
				"CODE_SIGN_IDENTITY[sdk=iphoneos*]" = "iPhone Developer";
				COPY_PHASE_STRIP = NO;
				DEBUG_INFORMATION_FORMAT = dwarf;
				ENABLE_STRICT_OBJC_MSGSEND = YES;
				ENABLE_TESTABILITY = YES;
				GCC_C_LANGUAGE_STANDARD = gnu99;
				GCC_DYNAMIC_NO_PIC = NO;
				GCC_NO_COMMON_BLOCKS = YES;
				GCC_OPTIMIZATION_LEVEL = 0;
				GCC_PREPROCESSOR_DEFINITIONS = (
					"DEBUG=1",
					"$(inherited)",
				);
				GCC_WARN_64_TO_32_BIT_CONVERSION = YES;
				GCC_WARN_ABOUT_RETURN_TYPE = YES_ERROR;
				GCC_WARN_UNDECLARED_SELECTOR = YES;
				GCC_WARN_UNINITIALIZED_AUTOS = YES_AGGRESSIVE;
				GCC_WARN_UNUSED_FUNCTION = YES;
				GCC_WARN_UNUSED_VARIABLE = YES;
				IPHONEOS_DEPLOYMENT_TARGET = 10.3;
				MTL_ENABLE_DEBUG_INFO = YES;
				ONLY_ACTIVE_ARCH = YES;
				SDKROOT = iphoneos;
				TARGETED_DEVICE_FAMILY = "1,2";
			};
			name = Debug;
		};
		9876072B1F1DEE0100FEAD5C /* Release */ = {
			isa = XCBuildConfiguration;
			buildSettings = {
				ALWAYS_SEARCH_USER_PATHS = NO;
				CLANG_ANALYZER_NONNULL = YES;
				CLANG_ANALYZER_NUMBER_OBJECT_CONVERSION = YES_AGGRESSIVE;
				CLANG_CXX_LANGUAGE_STANDARD = "gnu++0x";
				CLANG_CXX_LIBRARY = "libc++";
				CLANG_ENABLE_MODULES = YES;
				CLANG_ENABLE_OBJC_ARC = YES;
				CLANG_WARN_BOOL_CONVERSION = YES;
				CLANG_WARN_CONSTANT_CONVERSION = YES;
				CLANG_WARN_DIRECT_OBJC_ISA_USAGE = YES_ERROR;
				CLANG_WARN_DOCUMENTATION_COMMENTS = YES;
				CLANG_WARN_EMPTY_BODY = YES;
				CLANG_WARN_ENUM_CONVERSION = YES;
				CLANG_WARN_INFINITE_RECURSION = YES;
				CLANG_WARN_INT_CONVERSION = YES;
				CLANG_WARN_OBJC_ROOT_CLASS = YES_ERROR;
				CLANG_WARN_SUSPICIOUS_MOVE = YES;
				CLANG_WARN_UNREACHABLE_CODE = YES;
				CLANG_WARN__DUPLICATE_METHOD_MATCH = YES;
				"CODE_SIGN_IDENTITY[sdk=iphoneos*]" = "iPhone Developer";
				COPY_PHASE_STRIP = NO;
				DEBUG_INFORMATION_FORMAT = "dwarf-with-dsym";
				ENABLE_NS_ASSERTIONS = NO;
				ENABLE_STRICT_OBJC_MSGSEND = YES;
				GCC_C_LANGUAGE_STANDARD = gnu99;
				GCC_NO_COMMON_BLOCKS = YES;
				GCC_WARN_64_TO_32_BIT_CONVERSION = YES;
				GCC_WARN_ABOUT_RETURN_TYPE = YES_ERROR;
				GCC_WARN_UNDECLARED_SELECTOR = YES;
				GCC_WARN_UNINITIALIZED_AUTOS = YES_AGGRESSIVE;
				GCC_WARN_UNUSED_FUNCTION = YES;
				GCC_WARN_UNUSED_VARIABLE = YES;
				IPHONEOS_DEPLOYMENT_TARGET = 10.3;
				MTL_ENABLE_DEBUG_INFO = NO;
				SDKROOT = iphoneos;
				TARGETED_DEVICE_FAMILY = "1,2";
				VALIDATE_PRODUCT = YES;
			};
			name = Release;
		};
		9876072D1F1DEE0100FEAD5C /* Debug */ = {
			isa = XCBuildConfiguration;
			baseConfigurationReference = DEF4BDECD3FFC58DB5E5A6B6 /* Pods-ShoppingCart.debug.xcconfig */;
			buildSettings = {
				ASSETCATALOG_COMPILER_APPICON_NAME = AppIcon;
				DEVELOPMENT_TEAM = USB64ZNNP6;
				INFOPLIST_FILE = ShoppingCart/Info.plist;
				LD_RUNPATH_SEARCH_PATHS = "$(inherited) @executable_path/Frameworks";
				PRODUCT_BUNDLE_IDENTIFIER = YMA.ShoppingCart;
				PRODUCT_NAME = "$(TARGET_NAME)";
				USER_HEADER_SEARCH_PATHS = "\"${PROJECT_DIR}/Pods\"/**";
			};
			name = Debug;
		};
		9876072E1F1DEE0100FEAD5C /* Release */ = {
			isa = XCBuildConfiguration;
			baseConfigurationReference = C5FB07C14E5CC7F59F62268C /* Pods-ShoppingCart.release.xcconfig */;
			buildSettings = {
				ASSETCATALOG_COMPILER_APPICON_NAME = AppIcon;
				DEVELOPMENT_TEAM = USB64ZNNP6;
				INFOPLIST_FILE = ShoppingCart/Info.plist;
				LD_RUNPATH_SEARCH_PATHS = "$(inherited) @executable_path/Frameworks";
				PRODUCT_BUNDLE_IDENTIFIER = YMA.ShoppingCart;
				PRODUCT_NAME = "$(TARGET_NAME)";
				USER_HEADER_SEARCH_PATHS = "\"${PROJECT_DIR}/Pods\"/**";
			};
			name = Release;
		};
/* End XCBuildConfiguration section */

/* Begin XCConfigurationList section */
		9876070D1F1DEDFF00FEAD5C /* Build configuration list for PBXProject "ShoppingCart" */ = {
			isa = XCConfigurationList;
			buildConfigurations = (
				9876072A1F1DEE0100FEAD5C /* Debug */,
				9876072B1F1DEE0100FEAD5C /* Release */,
			);
			defaultConfigurationIsVisible = 0;
			defaultConfigurationName = Release;
		};
		9876072C1F1DEE0100FEAD5C /* Build configuration list for PBXNativeTarget "ShoppingCart" */ = {
			isa = XCConfigurationList;
			buildConfigurations = (
				9876072D1F1DEE0100FEAD5C /* Debug */,
				9876072E1F1DEE0100FEAD5C /* Release */,
			);
			defaultConfigurationIsVisible = 0;
			defaultConfigurationName = Release;
		};
/* End XCConfigurationList section */

/* Begin XCVersionGroup section */
		987607211F1DEE0000FEAD5C /* ShoppingCart.xcdatamodeld */ = {
			isa = XCVersionGroup;
			children = (
				987607221F1DEE0000FEAD5C /* ShoppingCart.xcdatamodel */,
			);
			currentVersion = 987607221F1DEE0000FEAD5C /* ShoppingCart.xcdatamodel */;
			path = ShoppingCart.xcdatamodeld;
			sourceTree = "<group>";
			versionGroupType = wrapper.xcdatamodel;
		};
/* End XCVersionGroup section */
	};
	rootObject = 9876070A1F1DEDFF00FEAD5C /* Project object */;
}
